
Microsoft Visual Studio Solution File, Format Version 12.00
# Visual Studio Version 17
VisualStudioVersion = 17.13.35931.197
MinimumVisualStudioVersion = 10.0.40219.1
Project("{54A90642-561A-4BB1-A94E-469ADEE60C69}") = "Cadastro", "Cadastro.esproj", "{A23B6923-C9A3-0A83-102E-399455D3D024}"
EndProject
Global
	GlobalSection(SolutionConfigurationPlatforms) = preSolution
		Debug|Any CPU = Debug|Any CPU
		Release|Any CPU = Release|Any CPU
	EndGlobalSection
	GlobalSection(ProjectConfigurationPlatforms) = postSolution
		{A23B6923-C9A3-0A83-102E-399455D3D024}.Debug|Any CPU.ActiveCfg = Debug|Any CPU
		{A23B6923-C9A3-0A83-102E-399455D3D024}.Debug|Any CPU.Build.0 = Debug|Any CPU
		{A23B6923-C9A3-0A83-102E-399455D3D024}.Debug|Any CPU.Deploy.0 = Debug|Any CPU
		{A23B6923-C9A3-0A83-102E-399455D3D024}.Release|Any CPU.ActiveCfg = Release|Any CPU
		{A23B6923-C9A3-0A83-102E-399455D3D024}.Release|Any CPU.Build.0 = Release|Any CPU
		{A23B6923-C9A3-0A83-102E-399455D3D024}.Release|Any CPU.Deploy.0 = Release|Any CPU
	EndGlobalSection
	GlobalSection(SolutionProperties) = preSolution
		HideSolutionNode = FALSE
	EndGlobalSection
	GlobalSection(ExtensibilityGlobals) = postSolution
		SolutionGuid = {44613FF5-C3FE-451D-9BD3-06F73B8B3AC9}
	EndGlobalSection
EndGlobal
